{
  "name": "task-utils",
  "version": "7.0.6",
  "lockfileVersion": 1,
  "requires": true,
  "dependencies": {
    "core-functions": {
      "version": "3.0.24",
      "resolved": "https://registry.npmjs.org/core-functions/-/core-functions-3.0.24.tgz",
      "integrity": "sha512-eCrk8iygIRMg7tCVTS2prBlGIVXXWCfenfdzJ1Z8h4fW6dqxGrgxN4f6wQ2loXf7mC9FIGXvOBzlkPWUpkZbHw=="
    }
  }
}
