{
  "name": "task-utils",
  "version": "7.0.7",
  "lockfileVersion": 1,
  "requires": true,
  "dependencies": {
    "core-functions": {
      "version": "3.0.25",
      "resolved": "https://registry.npmjs.org/core-functions/-/core-functions-3.0.25.tgz",
      "integrity": "sha512-AxbSic27nPnLnnuNqw5LhauyQTugWxza49gM94fwQirDg+npvODngO5WvXBnEPGhgviy8hAg30TDeaGaW80yLw=="
    }
  }
}
